
Microsoft Visual Studio Solution File, Format Version 12.00
# Visual Studio 15
VisualStudioVersion = 15.0.28010.2016
MinimumVisualStudioVersion = 10.0.40219.1
Project("{9092AA53-FB77-4645-B42D-1CCCA6BD08BD}") = "NewClicker", "NewClicker\NewClicker.njsproj", "{534A2634-D969-4A3E-8156-E126BDECEFFA}"
EndProject
Global
	GlobalSection(SolutionConfigurationPlatforms) = preSolution
		Debug|Any CPU = Debug|Any CPU
		Release|Any CPU = Release|Any CPU
	EndGlobalSection
	GlobalSection(ProjectConfigurationPlatforms) = postSolution
		{534A2634-D969-4A3E-8156-E126BDECEFFA}.Debug|Any CPU.ActiveCfg = Debug|Any CPU
		{534A2634-D969-4A3E-8156-E126BDECEFFA}.Debug|Any CPU.Build.0 = Debug|Any CPU
		{534A2634-D969-4A3E-8156-E126BDECEFFA}.Release|Any CPU.ActiveCfg = Release|Any CPU
		{534A2634-D969-4A3E-8156-E126BDECEFFA}.Release|Any CPU.Build.0 = Release|Any CPU
	EndGlobalSection
	GlobalSection(SolutionProperties) = preSolution
		HideSolutionNode = FALSE
	EndGlobalSection
	GlobalSection(ExtensibilityGlobals) = postSolution
		SolutionGuid = {DBD7B7CA-10AF-412F-8229-135F6E8B3414}
	EndGlobalSection
EndGlobal
